
Microsoft Visual Studio Solution File, Format Version 12.00
# Visual Studio Version 17
VisualStudioVersion = 17.4.33122.133
MinimumVisualStudioVersion = 10.0.40219.1
Project("{FAE04EC0-301F-11D3-BF4B-00C04F79EFBC}") = "AnotherSampleAPI", "AnotherSampleAPI\AnotherSampleAPI.csproj", "{D299CF6E-06B7-4657-81E4-8671173A3A48}"
EndProject
Global
	GlobalSection(SolutionConfigurationPlatforms) = preSolution
		Debug|Any CPU = Debug|Any CPU
		Release|Any CPU = Release|Any CPU
	EndGlobalSection
	GlobalSection(ProjectConfigurationPlatforms) = postSolution
		{D299CF6E-06B7-4657-81E4-8671173A3A48}.Debug|Any CPU.ActiveCfg = Debug|Any CPU
		{D299CF6E-06B7-4657-81E4-8671173A3A48}.Debug|Any CPU.Build.0 = Debug|Any CPU
		{D299CF6E-06B7-4657-81E4-8671173A3A48}.Release|Any CPU.ActiveCfg = Release|Any CPU
		{D299CF6E-06B7-4657-81E4-8671173A3A48}.Release|Any CPU.Build.0 = Release|Any CPU
	EndGlobalSection
	GlobalSection(SolutionProperties) = preSolution
		HideSolutionNode = FALSE
	EndGlobalSection
	GlobalSection(ExtensibilityGlobals) = postSolution
		SolutionGuid = {980A494D-E9B7-483E-B582-F70D3D0AB238}
	EndGlobalSection
EndGlobal
